
Microsoft Visual Studio Solution File, Format Version 12.00
# Visual Studio Version 17
VisualStudioVersion = 17.5.33516.290
MinimumVisualStudioVersion = 10.0.40219.1
Project("{FAE04EC0-301F-11D3-BF4B-00C04F79EFBC}") = "1 - HelloWorld", "1 - HelloWorld.csproj", "{F9B67E70-F76B-4277-9EF9-F56B7F6A5765}"
EndProject
Global
	GlobalSection(SolutionConfigurationPlatforms) = preSolution
		Debug|Any CPU = Debug|Any CPU
		Release|Any CPU = Release|Any CPU
	EndGlobalSection
	GlobalSection(ProjectConfigurationPlatforms) = postSolution
		{F9B67E70-F76B-4277-9EF9-F56B7F6A5765}.Debug|Any CPU.ActiveCfg = Debug|Any CPU
		{F9B67E70-F76B-4277-9EF9-F56B7F6A5765}.Debug|Any CPU.Build.0 = Debug|Any CPU
		{F9B67E70-F76B-4277-9EF9-F56B7F6A5765}.Release|Any CPU.ActiveCfg = Release|Any CPU
		{F9B67E70-F76B-4277-9EF9-F56B7F6A5765}.Release|Any CPU.Build.0 = Release|Any CPU
	EndGlobalSection
	GlobalSection(SolutionProperties) = preSolution
		HideSolutionNode = FALSE
	EndGlobalSection
	GlobalSection(ExtensibilityGlobals) = postSolution
		SolutionGuid = {652C8C55-CAE5-4E0A-A6A8-730EC84670FE}
	EndGlobalSection
EndGlobal
