
Microsoft Visual Studio Solution File, Format Version 12.00
# Visual Studio Version 17
VisualStudioVersion = 17.5.33516.290
MinimumVisualStudioVersion = 10.0.40219.1
Project("{FAE04EC0-301F-11D3-BF4B-00C04F79EFBC}") = "3_Variables", "3_Variables.csproj", "{4CE29923-2939-4227-BB7B-F70E7D811363}"
EndProject
Global
	GlobalSection(SolutionConfigurationPlatforms) = preSolution
		Debug|Any CPU = Debug|Any CPU
		Release|Any CPU = Release|Any CPU
	EndGlobalSection
	GlobalSection(ProjectConfigurationPlatforms) = postSolution
		{4CE29923-2939-4227-BB7B-F70E7D811363}.Debug|Any CPU.ActiveCfg = Debug|Any CPU
		{4CE29923-2939-4227-BB7B-F70E7D811363}.Debug|Any CPU.Build.0 = Debug|Any CPU
		{4CE29923-2939-4227-BB7B-F70E7D811363}.Release|Any CPU.ActiveCfg = Release|Any CPU
		{4CE29923-2939-4227-BB7B-F70E7D811363}.Release|Any CPU.Build.0 = Release|Any CPU
	EndGlobalSection
	GlobalSection(SolutionProperties) = preSolution
		HideSolutionNode = FALSE
	EndGlobalSection
	GlobalSection(ExtensibilityGlobals) = postSolution
		SolutionGuid = {4629A67C-6BBB-4C30-A24A-207C84BE24D8}
	EndGlobalSection
EndGlobal
